
Microsoft Visual Studio Solution File, Format Version 12.00
# Visual Studio Version 17
VisualStudioVersion = 17.1.32407.343
MinimumVisualStudioVersion = 10.0.40219.1
Project("{FAE04EC0-301F-11D3-BF4B-00C04F79EFBC}") = "TechnicalTask", "TechnicalTask\TechnicalTask.csproj", "{3987D017-C420-4980-A1C5-C061BE7465DD}"
EndProject
Global
	GlobalSection(SolutionConfigurationPlatforms) = preSolution
		Debug|Any CPU = Debug|Any CPU
		Release|Any CPU = Release|Any CPU
	EndGlobalSection
	GlobalSection(ProjectConfigurationPlatforms) = postSolution
		{3987D017-C420-4980-A1C5-C061BE7465DD}.Debug|Any CPU.ActiveCfg = Debug|Any CPU
		{3987D017-C420-4980-A1C5-C061BE7465DD}.Debug|Any CPU.Build.0 = Debug|Any CPU
		{3987D017-C420-4980-A1C5-C061BE7465DD}.Release|Any CPU.ActiveCfg = Release|Any CPU
		{3987D017-C420-4980-A1C5-C061BE7465DD}.Release|Any CPU.Build.0 = Release|Any CPU
	EndGlobalSection
	GlobalSection(SolutionProperties) = preSolution
		HideSolutionNode = FALSE
	EndGlobalSection
	GlobalSection(ExtensibilityGlobals) = postSolution
		SolutionGuid = {B90C4179-B8E6-475F-829C-C5C0A91F07A4}
	EndGlobalSection
EndGlobal
